
Microsoft Visual Studio Solution File, Format Version 12.00
# Visual Studio Version 16
VisualStudioVersion = 16.0.30804.86
MinimumVisualStudioVersion = 10.0.40219.1
Project("{8BC9CEB8-8B4A-11D0-8D11-00A0C91BC942}") = "oop 1.1", "oop 1.1\oop 1.1.vcxproj", "{9A738F2C-1C65-41D1-95C1-A94CA81F691F}"
EndProject
Project("{8BC9CEB8-8B4A-11D0-8D11-00A0C91BC942}") = "645656", "645656\645656.vcxproj", "{434BE379-0429-4CAD-818D-C0F91998EA20}"
EndProject
Global
	GlobalSection(SolutionConfigurationPlatforms) = preSolution
		Debug|x64 = Debug|x64
		Debug|x86 = Debug|x86
		Release|x64 = Release|x64
		Release|x86 = Release|x86
	EndGlobalSection
	GlobalSection(ProjectConfigurationPlatforms) = postSolution
		{9A738F2C-1C65-41D1-95C1-A94CA81F691F}.Debug|x64.ActiveCfg = Debug|x64
		{9A738F2C-1C65-41D1-95C1-A94CA81F691F}.Debug|x64.Build.0 = Debug|x64
		{9A738F2C-1C65-41D1-95C1-A94CA81F691F}.Debug|x86.ActiveCfg = Debug|Win32
		{9A738F2C-1C65-41D1-95C1-A94CA81F691F}.Debug|x86.Build.0 = Debug|Win32
		{9A738F2C-1C65-41D1-95C1-A94CA81F691F}.Release|x64.ActiveCfg = Release|x64
		{9A738F2C-1C65-41D1-95C1-A94CA81F691F}.Release|x64.Build.0 = Release|x64
		{9A738F2C-1C65-41D1-95C1-A94CA81F691F}.Release|x86.ActiveCfg = Release|Win32
		{9A738F2C-1C65-41D1-95C1-A94CA81F691F}.Release|x86.Build.0 = Release|Win32
		{434BE379-0429-4CAD-818D-C0F91998EA20}.Debug|x64.ActiveCfg = Debug|x64
		{434BE379-0429-4CAD-818D-C0F91998EA20}.Debug|x64.Build.0 = Debug|x64
		{434BE379-0429-4CAD-818D-C0F91998EA20}.Debug|x86.ActiveCfg = Debug|Win32
		{434BE379-0429-4CAD-818D-C0F91998EA20}.Debug|x86.Build.0 = Debug|Win32
		{434BE379-0429-4CAD-818D-C0F91998EA20}.Release|x64.ActiveCfg = Release|x64
		{434BE379-0429-4CAD-818D-C0F91998EA20}.Release|x64.Build.0 = Release|x64
		{434BE379-0429-4CAD-818D-C0F91998EA20}.Release|x86.ActiveCfg = Release|Win32
		{434BE379-0429-4CAD-818D-C0F91998EA20}.Release|x86.Build.0 = Release|Win32
	EndGlobalSection
	GlobalSection(SolutionProperties) = preSolution
		HideSolutionNode = FALSE
	EndGlobalSection
	GlobalSection(ExtensibilityGlobals) = postSolution
		SolutionGuid = {E3C8EB0A-CE54-43D1-8828-511ABF0586B1}
	EndGlobalSection
EndGlobal
